// !$*UTF8*$!
{
	archiveVersion = 1;
	classes = {
	};
	objectVersion = 46;
	objects = {

/* Begin PBXBuildFile section */
		D423BDA21D7E7004006BD88E /* AssetSoundFiles.plist in Resources */ = {isa = PBXBuildFile; fileRef = D423BDA11D7E7004006BD88E /* AssetSoundFiles.plist */; };
		D423BDA41D7E7255006BD88E /* AssetSoundFilePList.swift in Sources */ = {isa = PBXBuildFile; fileRef = D423BDA31D7E7255006BD88E /* AssetSoundFilePList.swift */; };
		D423BDA61D7ED23A006BD88E /* RecordedSoundFiles.plist in Resources */ = {isa = PBXBuildFile; fileRef = D423BDA51D7ED23A006BD88E /* RecordedSoundFiles.plist */; };
		D423BDA81D7ED338006BD88E /* RecordedSoundFilePList.swift in Sources */ = {isa = PBXBuildFile; fileRef = D423BDA71D7ED338006BD88E /* RecordedSoundFilePList.swift */; };
		D42FE7451D76075500D99866 /* VacuumCleaner.mp3 in Resources */ = {isa = PBXBuildFile; fileRef = D42FE7441D76075500D99866 /* VacuumCleaner.mp3 */; };
		D42FE7471D77223F00D99866 /* AudioRecorder.swift in Sources */ = {isa = PBXBuildFile; fileRef = D42FE7461D77223F00D99866 /* AudioRecorder.swift */; };
		D42FE7491D775BCA00D99866 /* RecordedSoundFileDirectory.swift in Sources */ = {isa = PBXBuildFile; fileRef = D42FE7481D775BCA00D99866 /* RecordedSoundFileDirectory.swift */; };
		D430BAE71D72D60100A907D1 /* Playlist.swift in Sources */ = {isa = PBXBuildFile; fileRef = D430BAE61D72D60100A907D1 /* Playlist.swift */; };
		D430BAE91D72D86500A907D1 /* SoundFilePlaylistTest.swift in Sources */ = {isa = PBXBuildFile; fileRef = D430BAE81D72D86500A907D1 /* SoundFilePlaylistTest.swift */; };
		D49B58731D795D3800744CF3 /* PlaylistCollectionViewCell.swift in Sources */ = {isa = PBXBuildFile; fileRef = D49B58721D795D3800744CF3 /* PlaylistCollectionViewCell.swift */; };
		D49B58761D795EBB00744CF3 /* Math.swift in Sources */ = {isa = PBXBuildFile; fileRef = D49B58751D795EBB00744CF3 /* Math.swift */; };
		D49B58781D795FEB00744CF3 /* Playlist.xcassets in Resources */ = {isa = PBXBuildFile; fileRef = D49B58771D795FEB00744CF3 /* Playlist.xcassets */; };
		D49B587B1D79BB2600744CF3 /* PlaylistCollectionViewLayout.swift in Sources */ = {isa = PBXBuildFile; fileRef = D49B587A1D79BB2600744CF3 /* PlaylistCollectionViewLayout.swift */; };
		D4C280D91D7183ED00356ED1 /* BackgroundAudioPlayer.swift in Sources */ = {isa = PBXBuildFile; fileRef = D4C280D81D7183ED00356ED1 /* BackgroundAudioPlayer.swift */; };
		D4C280DB1D71A51700356ED1 /* AudioPlayer.swift in Sources */ = {isa = PBXBuildFile; fileRef = D4C280DA1D71A51700356ED1 /* AudioPlayer.swift */; };
		D4C280DD1D71AB9A00356ED1 /* Timer.swift in Sources */ = {isa = PBXBuildFile; fileRef = D4C280DC1D71AB9A00356ED1 /* Timer.swift */; };
		D4C280E51D71AE8600356ED1 /* TimedBackgroundAudioPlayerTest.swift in Sources */ = {isa = PBXBuildFile; fileRef = D4C280E41D71AE8600356ED1 /* TimedBackgroundAudioPlayerTest.swift */; };
		D4C280EF1D71B97F00356ED1 /* FakeImplementations.swift in Sources */ = {isa = PBXBuildFile; fileRef = D4C280EE1D71B97F00356ED1 /* FakeImplementations.swift */; };
		D4C280F11D71BE2C00356ED1 /* PlaybackDuration.swift in Sources */ = {isa = PBXBuildFile; fileRef = D4C280F01D71BE2C00356ED1 /* PlaybackDuration.swift */; };
		D4DD3DD91D3BF43F00198301 /* AppDelegate.swift in Sources */ = {isa = PBXBuildFile; fileRef = D4DD3DD81D3BF43F00198301 /* AppDelegate.swift */; };
		D4DD3DDB1D3BF43F00198301 /* ViewController.swift in Sources */ = {isa = PBXBuildFile; fileRef = D4DD3DDA1D3BF43F00198301 /* ViewController.swift */; };
		D4DD3DDE1D3BF43F00198301 /* Main.storyboard in Resources */ = {isa = PBXBuildFile; fileRef = D4DD3DDC1D3BF43F00198301 /* Main.storyboard */; };
		D4DD3DE01D3BF43F00198301 /* Assets.xcassets in Resources */ = {isa = PBXBuildFile; fileRef = D4DD3DDF1D3BF43F00198301 /* Assets.xcassets */; };
		D4DD3DE31D3BF43F00198301 /* LaunchScreen.storyboard in Resources */ = {isa = PBXBuildFile; fileRef = D4DD3DE11D3BF43F00198301 /* LaunchScreen.storyboard */; };
		D4DD3DEC1D3BF78A00198301 /* Shhhh.mp3 in Resources */ = {isa = PBXBuildFile; fileRef = D4DD3DEB1D3BF78A00198301 /* Shhhh.mp3 */; };
		D4DD3DEF1D3BF9C400198301 /* HeiaHeia.mp3 in Resources */ = {isa = PBXBuildFile; fileRef = D4DD3DED1D3BF9C400198301 /* HeiaHeia.mp3 */; };
		D4DD3DF01D3BF9C400198301 /* Mhhhh.mp3 in Resources */ = {isa = PBXBuildFile; fileRef = D4DD3DEE1D3BF9C400198301 /* Mhhhh.mp3 */; };
		D4DD3DF21D3C01BC00198301 /* SoundFile.swift in Sources */ = {isa = PBXBuildFile; fileRef = D4DD3DF11D3C01BC00198301 /* SoundFile.swift */; };
		D4FB3A171D7CA1CF0050821B /* UIImage+averageColor.swift in Sources */ = {isa = PBXBuildFile; fileRef = D4FB3A161D7CA1CF0050821B /* UIImage+averageColor.swift */; };
		D4FB3A191D7CA33A0050821B /* UIColor+difference.swift in Sources */ = {isa = PBXBuildFile; fileRef = D4FB3A181D7CA33A0050821B /* UIColor+difference.swift */; };
/* End PBXBuildFile section */

/* Begin PBXContainerItemProxy section */
		D4C280E71D71AE8600356ED1 /* PBXContainerItemProxy */ = {
			isa = PBXContainerItemProxy;
			containerPortal = D4DD3DCD1D3BF43F00198301 /* Project object */;
			proxyType = 1;
			remoteGlobalIDString = D4DD3DD41D3BF43F00198301;
			remoteInfo = SleepBabySleep;
		};
/* End PBXContainerItemProxy section */

/* Begin PBXFileReference section */
		D423BDA11D7E7004006BD88E /* AssetSoundFiles.plist */ = {isa = PBXFileReference; fileEncoding = 4; lastKnownFileType = text.plist.xml; name = AssetSoundFiles.plist; path = Assets/AssetSoundFiles.plist; sourceTree = "<group>"; };
		D423BDA31D7E7255006BD88E /* AssetSoundFilePList.swift */ = {isa = PBXFileReference; fileEncoding = 4; lastKnownFileType = sourcecode.swift; path = AssetSoundFilePList.swift; sourceTree = "<group>"; };
		D423BDA51D7ED23A006BD88E /* RecordedSoundFiles.plist */ = {isa = PBXFileReference; fileEncoding = 4; lastKnownFileType = text.plist.xml; name = RecordedSoundFiles.plist; path = Assets/RecordedSoundFiles.plist; sourceTree = "<group>"; };
		D423BDA71D7ED338006BD88E /* RecordedSoundFilePList.swift */ = {isa = PBXFileReference; fileEncoding = 4; lastKnownFileType = sourcecode.swift; path = RecordedSoundFilePList.swift; sourceTree = "<group>"; };
		D42FE7441D76075500D99866 /* VacuumCleaner.mp3 */ = {isa = PBXFileReference; lastKnownFileType = audio.mp3; path = VacuumCleaner.mp3; sourceTree = "<group>"; };
		D42FE7461D77223F00D99866 /* AudioRecorder.swift */ = {isa = PBXFileReference; fileEncoding = 4; lastKnownFileType = sourcecode.swift; path = AudioRecorder.swift; sourceTree = "<group>"; };
		D42FE7481D775BCA00D99866 /* RecordedSoundFileDirectory.swift */ = {isa = PBXFileReference; fileEncoding = 4; lastKnownFileType = sourcecode.swift; path = RecordedSoundFileDirectory.swift; sourceTree = "<group>"; };
		D430BAE61D72D60100A907D1 /* Playlist.swift */ = {isa = PBXFileReference; fileEncoding = 4; lastKnownFileType = sourcecode.swift; path = Playlist.swift; sourceTree = "<group>"; };
		D430BAE81D72D86500A907D1 /* SoundFilePlaylistTest.swift */ = {isa = PBXFileReference; fileEncoding = 4; lastKnownFileType = sourcecode.swift; path = SoundFilePlaylistTest.swift; sourceTree = "<group>"; };
		D49B58721D795D3800744CF3 /* PlaylistCollectionViewCell.swift */ = {isa = PBXFileReference; fileEncoding = 4; lastKnownFileType = sourcecode.swift; path = PlaylistCollectionViewCell.swift; sourceTree = "<group>"; };
		D49B58751D795EBB00744CF3 /* Math.swift */ = {isa = PBXFileReference; fileEncoding = 4; lastKnownFileType = sourcecode.swift; path = Math.swift; sourceTree = "<group>"; };
		D49B58771D795FEB00744CF3 /* Playlist.xcassets */ = {isa = PBXFileReference; lastKnownFileType = folder.assetcatalog; name = Playlist.xcassets; path = Assets/Playlist.xcassets; sourceTree = "<group>"; };
		D49B587A1D79BB2600744CF3 /* PlaylistCollectionViewLayout.swift */ = {isa = PBXFileReference; fileEncoding = 4; lastKnownFileType = sourcecode.swift; path = PlaylistCollectionViewLayout.swift; sourceTree = "<group>"; };
		D4C280D81D7183ED00356ED1 /* BackgroundAudioPlayer.swift */ = {isa = PBXFileReference; fileEncoding = 4; lastKnownFileType = sourcecode.swift; path = BackgroundAudioPlayer.swift; sourceTree = "<group>"; };
		D4C280DA1D71A51700356ED1 /* AudioPlayer.swift */ = {isa = PBXFileReference; fileEncoding = 4; lastKnownFileType = sourcecode.swift; path = AudioPlayer.swift; sourceTree = "<group>"; };
		D4C280DC1D71AB9A00356ED1 /* Timer.swift */ = {isa = PBXFileReference; fileEncoding = 4; lastKnownFileType = sourcecode.swift; path = Timer.swift; sourceTree = "<group>"; };
		D4C280E21D71AE8600356ED1 /* SleepBabySleepTests.xctest */ = {isa = PBXFileReference; explicitFileType = wrapper.cfbundle; includeInIndex = 0; path = SleepBabySleepTests.xctest; sourceTree = BUILT_PRODUCTS_DIR; };
		D4C280E41D71AE8600356ED1 /* TimedBackgroundAudioPlayerTest.swift */ = {isa = PBXFileReference; lastKnownFileType = sourcecode.swift; path = TimedBackgroundAudioPlayerTest.swift; sourceTree = "<group>"; };
		D4C280E61D71AE8600356ED1 /* Info.plist */ = {isa = PBXFileReference; lastKnownFileType = text.plist.xml; path = Info.plist; sourceTree = "<group>"; };
		D4C280EE1D71B97F00356ED1 /* FakeImplementations.swift */ = {isa = PBXFileReference; fileEncoding = 4; lastKnownFileType = sourcecode.swift; path = FakeImplementations.swift; sourceTree = "<group>"; };
		D4C280F01D71BE2C00356ED1 /* PlaybackDuration.swift */ = {isa = PBXFileReference; fileEncoding = 4; lastKnownFileType = sourcecode.swift; path = PlaybackDuration.swift; sourceTree = "<group>"; };
		D4DD3DD51D3BF43F00198301 /* SleepBabySleep.app */ = {isa = PBXFileReference; explicitFileType = wrapper.application; includeInIndex = 0; path = SleepBabySleep.app; sourceTree = BUILT_PRODUCTS_DIR; };
		D4DD3DD81D3BF43F00198301 /* AppDelegate.swift */ = {isa = PBXFileReference; lastKnownFileType = sourcecode.swift; path = AppDelegate.swift; sourceTree = "<group>"; };
		D4DD3DDA1D3BF43F00198301 /* ViewController.swift */ = {isa = PBXFileReference; lastKnownFileType = sourcecode.swift; path = ViewController.swift; sourceTree = "<group>"; };
		D4DD3DDD1D3BF43F00198301 /* Base */ = {isa = PBXFileReference; lastKnownFileType = file.storyboard; name = Base; path = Base.lproj/Main.storyboard; sourceTree = "<group>"; };
		D4DD3DDF1D3BF43F00198301 /* Assets.xcassets */ = {isa = PBXFileReference; lastKnownFileType = folder.assetcatalog; name = Assets.xcassets; path = Assets/Assets.xcassets; sourceTree = "<group>"; };
		D4DD3DE21D3BF43F00198301 /* Base */ = {isa = PBXFileReference; lastKnownFileType = file.storyboard; name = Base; path = Base.lproj/LaunchScreen.storyboard; sourceTree = "<group>"; };
		D4DD3DE41D3BF43F00198301 /* Info.plist */ = {isa = PBXFileReference; lastKnownFileType = text.plist.xml; path = Info.plist; sourceTree = "<group>"; };
		D4DD3DEB1D3BF78A00198301 /* Shhhh.mp3 */ = {isa = PBXFileReference; lastKnownFileType = audio.mp3; name = Shhhh.mp3; path = Audio/Shhhh.mp3; sourceTree = SOURCE_ROOT; };
		D4DD3DED1D3BF9C400198301 /* HeiaHeia.mp3 */ = {isa = PBXFileReference; lastKnownFileType = audio.mp3; name = HeiaHeia.mp3; path = Audio/HeiaHeia.mp3; sourceTree = SOURCE_ROOT; };
		D4DD3DEE1D3BF9C400198301 /* Mhhhh.mp3 */ = {isa = PBXFileReference; lastKnownFileType = audio.mp3; name = Mhhhh.mp3; path = Audio/Mhhhh.mp3; sourceTree = SOURCE_ROOT; };
		D4DD3DF11D3C01BC00198301 /* SoundFile.swift */ = {isa = PBXFileReference; fileEncoding = 4; lastKnownFileType = sourcecode.swift; path = SoundFile.swift; sourceTree = "<group>"; };
		D4FB3A161D7CA1CF0050821B /* UIImage+averageColor.swift */ = {isa = PBXFileReference; fileEncoding = 4; lastKnownFileType = sourcecode.swift; path = "UIImage+averageColor.swift"; sourceTree = "<group>"; };
		D4FB3A181D7CA33A0050821B /* UIColor+difference.swift */ = {isa = PBXFileReference; fileEncoding = 4; lastKnownFileType = sourcecode.swift; path = "UIColor+difference.swift"; sourceTree = "<group>"; };
/* End PBXFileReference section */

/* Begin PBXFrameworksBuildPhase section */
		D4C280DF1D71AE8600356ED1 /* Frameworks */ = {
			isa = PBXFrameworksBuildPhase;
			buildActionMask = 2147483647;
			files = (
			);
			runOnlyForDeploymentPostprocessing = 0;
		};
		D4DD3DD21D3BF43F00198301 /* Frameworks */ = {
			isa = PBXFrameworksBuildPhase;
			buildActionMask = 2147483647;
			files = (
			);
			runOnlyForDeploymentPostprocessing = 0;
		};
/* End PBXFrameworksBuildPhase section */

/* Begin PBXGroup section */
		D423BDA01D7E6FAB006BD88E /* Assets */ = {
			isa = PBXGroup;
			children = (
				D4DD3DEA1D3BF77900198301 /* AudioFiles */,
				D4DD3DDF1D3BF43F00198301 /* Assets.xcassets */,
				D49B58771D795FEB00744CF3 /* Playlist.xcassets */,
				D423BDA11D7E7004006BD88E /* AssetSoundFiles.plist */,
				D423BDA51D7ED23A006BD88E /* RecordedSoundFiles.plist */,
			);
			name = Assets;
			sourceTree = "<group>";
		};
		D42FE74A1D79594F00D99866 /* ViewControllers */ = {
			isa = PBXGroup;
			children = (
				D4DD3DDA1D3BF43F00198301 /* ViewController.swift */,
			);
			name = ViewControllers;
			sourceTree = "<group>";
		};
		D42FE74B1D79596700D99866 /* Model */ = {
			isa = PBXGroup;
			children = (
				D4C280D81D7183ED00356ED1 /* BackgroundAudioPlayer.swift */,
				D4C280F01D71BE2C00356ED1 /* PlaybackDuration.swift */,
				D430BAE61D72D60100A907D1 /* Playlist.swift */,
				D42FE7481D775BCA00D99866 /* RecordedSoundFileDirectory.swift */,
				D4DD3DF11D3C01BC00198301 /* SoundFile.swift */,
			);
			name = Model;
			sourceTree = "<group>";
		};
		D42FE74C1D79599E00D99866 /* Infrastructure */ = {
			isa = PBXGroup;
			children = (
				D4C280DA1D71A51700356ED1 /* AudioPlayer.swift */,
				D42FE7461D77223F00D99866 /* AudioRecorder.swift */,
				D4C280DC1D71AB9A00356ED1 /* Timer.swift */,
				D423BDA31D7E7255006BD88E /* AssetSoundFilePList.swift */,
				D423BDA71D7ED338006BD88E /* RecordedSoundFilePList.swift */,
			);
			name = Infrastructure;
			sourceTree = "<group>";
		};
		D42FE74D1D7959C200D99866 /* Storyboards */ = {
			isa = PBXGroup;
			children = (
				D4DD3DE11D3BF43F00198301 /* LaunchScreen.storyboard */,
				D4DD3DDC1D3BF43F00198301 /* Main.storyboard */,
			);
			name = Storyboards;
			sourceTree = "<group>";
		};
		D49B58711D795D2500744CF3 /* Views */ = {
			isa = PBXGroup;
			children = (
				D49B58721D795D3800744CF3 /* PlaylistCollectionViewCell.swift */,
			);
			name = Views;
			sourceTree = "<group>";
		};
		D49B58741D795E9700744CF3 /* Utilities */ = {
			isa = PBXGroup;
			children = (
				D49B58751D795EBB00744CF3 /* Math.swift */,
			);
			name = Utilities;
			sourceTree = "<group>";
		};
		D49B58791D79BAE500744CF3 /* Layout */ = {
			isa = PBXGroup;
			children = (
				D49B587A1D79BB2600744CF3 /* PlaylistCollectionViewLayout.swift */,
			);
			name = Layout;
			sourceTree = "<group>";
		};
		D4C280E31D71AE8600356ED1 /* SleepBabySleepTests */ = {
			isa = PBXGroup;
			children = (
				D4C280EE1D71B97F00356ED1 /* FakeImplementations.swift */,
				D430BAE81D72D86500A907D1 /* SoundFilePlaylistTest.swift */,
				D4C280E41D71AE8600356ED1 /* TimedBackgroundAudioPlayerTest.swift */,
				D4C280E61D71AE8600356ED1 /* Info.plist */,
			);
			path = SleepBabySleepTests;
			sourceTree = "<group>";
		};
		D4DD3DCC1D3BF43F00198301 = {
			isa = PBXGroup;
			children = (
				D4DD3DD71D3BF43F00198301 /* SleepBabySleep */,
				D4C280E31D71AE8600356ED1 /* SleepBabySleepTests */,
				D4DD3DD61D3BF43F00198301 /* Products */,
			);
			sourceTree = "<group>";
		};
		D4DD3DD61D3BF43F00198301 /* Products */ = {
			isa = PBXGroup;
			children = (
				D4DD3DD51D3BF43F00198301 /* SleepBabySleep.app */,
				D4C280E21D71AE8600356ED1 /* SleepBabySleepTests.xctest */,
			);
			name = Products;
			sourceTree = "<group>";
		};
		D4DD3DD71D3BF43F00198301 /* SleepBabySleep */ = {
			isa = PBXGroup;
			children = (
				D423BDA01D7E6FAB006BD88E /* Assets */,
				D4DD3DD81D3BF43F00198301 /* AppDelegate.swift */,
				D4FB3A151D7CA1B70050821B /* Extensions */,
				D42FE74C1D79599E00D99866 /* Infrastructure */,
				D49B58791D79BAE500744CF3 /* Layout */,
				D42FE74B1D79596700D99866 /* Model */,
				D42FE74D1D7959C200D99866 /* Storyboards */,
				D49B58741D795E9700744CF3 /* Utilities */,
				D42FE74A1D79594F00D99866 /* ViewControllers */,
				D49B58711D795D2500744CF3 /* Views */,
				D4DD3DE41D3BF43F00198301 /* Info.plist */,
			);
			path = SleepBabySleep;
			sourceTree = "<group>";
		};
		D4DD3DEA1D3BF77900198301 /* AudioFiles */ = {
			isa = PBXGroup;
			children = (
				D4DD3DED1D3BF9C400198301 /* HeiaHeia.mp3 */,
				D4DD3DEE1D3BF9C400198301 /* Mhhhh.mp3 */,
				D4DD3DEB1D3BF78A00198301 /* Shhhh.mp3 */,
				D42FE7441D76075500D99866 /* VacuumCleaner.mp3 */,
			);
			name = AudioFiles;
			sourceTree = "<group>";
		};
		D4FB3A151D7CA1B70050821B /* Extensions */ = {
			isa = PBXGroup;
			children = (
				D4FB3A161D7CA1CF0050821B /* UIImage+averageColor.swift */,
				D4FB3A181D7CA33A0050821B /* UIColor+difference.swift */,
			);
			name = Extensions;
			sourceTree = "<group>";
		};
/* End PBXGroup section */

/* Begin PBXNativeTarget section */
		D4C280E11D71AE8600356ED1 /* SleepBabySleepTests */ = {
			isa = PBXNativeTarget;
			buildConfigurationList = D4C280E91D71AE8600356ED1 /* Build configuration list for PBXNativeTarget "SleepBabySleepTests" */;
			buildPhases = (
				D4C280DE1D71AE8600356ED1 /* Sources */,
				D4C280DF1D71AE8600356ED1 /* Frameworks */,
				D4C280E01D71AE8600356ED1 /* Resources */,
			);
			buildRules = (
			);
			dependencies = (
				D4C280E81D71AE8600356ED1 /* PBXTargetDependency */,
			);
			name = SleepBabySleepTests;
			productName = SleepBabySleepTests;
			productReference = D4C280E21D71AE8600356ED1 /* SleepBabySleepTests.xctest */;
			productType = "com.apple.product-type.bundle.unit-test";
		};
		D4DD3DD41D3BF43F00198301 /* SleepBabySleep */ = {
			isa = PBXNativeTarget;
			buildConfigurationList = D4DD3DE71D3BF43F00198301 /* Build configuration list for PBXNativeTarget "SleepBabySleep" */;
			buildPhases = (
				D4DD3DD11D3BF43F00198301 /* Sources */,
				D4DD3DD21D3BF43F00198301 /* Frameworks */,
				D4DD3DD31D3BF43F00198301 /* Resources */,
			);
			buildRules = (
			);
			dependencies = (
			);
			name = SleepBabySleep;
			productName = SleepBabySleep;
			productReference = D4DD3DD51D3BF43F00198301 /* SleepBabySleep.app */;
			productType = "com.apple.product-type.application";
		};
/* End PBXNativeTarget section */

/* Begin PBXProject section */
		D4DD3DCD1D3BF43F00198301 /* Project object */ = {
			isa = PBXProject;
			attributes = {
				LastSwiftUpdateCheck = 0730;
				LastUpgradeCheck = 0730;
				ORGANIZATIONNAME = "Stefan Mehnert";
				TargetAttributes = {
					D4C280E11D71AE8600356ED1 = {
						CreatedOnToolsVersion = 7.3.1;
						TestTargetID = D4DD3DD41D3BF43F00198301;
					};
					D4DD3DD41D3BF43F00198301 = {
						CreatedOnToolsVersion = 7.3.1;
						DevelopmentTeam = Y6U8S5243G;
						SystemCapabilities = {
							com.apple.BackgroundModes = {
								enabled = 1;
							};
						};
					};
				};
			};
			buildConfigurationList = D4DD3DD01D3BF43F00198301 /* Build configuration list for PBXProject "SleepBabySleep" */;
			compatibilityVersion = "Xcode 3.2";
			developmentRegion = English;
			hasScannedForEncodings = 0;
			knownRegions = (
				en,
				Base,
			);
			mainGroup = D4DD3DCC1D3BF43F00198301;
			productRefGroup = D4DD3DD61D3BF43F00198301 /* Products */;
			projectDirPath = "";
			projectRoot = "";
			targets = (
				D4DD3DD41D3BF43F00198301 /* SleepBabySleep */,
				D4C280E11D71AE8600356ED1 /* SleepBabySleepTests */,
			);
		};
/* End PBXProject section */

/* Begin PBXResourcesBuildPhase section */
		D4C280E01D71AE8600356ED1 /* Resources */ = {
			isa = PBXResourcesBuildPhase;
			buildActionMask = 2147483647;
			files = (
			);
			runOnlyForDeploymentPostprocessing = 0;
		};
		D4DD3DD31D3BF43F00198301 /* Resources */ = {
			isa = PBXResourcesBuildPhase;
			buildActionMask = 2147483647;
			files = (
				D4DD3DF01D3BF9C400198301 /* Mhhhh.mp3 in Resources */,
				D4DD3DE31D3BF43F00198301 /* LaunchScreen.storyboard in Resources */,
				D423BDA21D7E7004006BD88E /* AssetSoundFiles.plist in Resources */,
				D4DD3DE01D3BF43F00198301 /* Assets.xcassets in Resources */,
				D4DD3DEC1D3BF78A00198301 /* Shhhh.mp3 in Resources */,
				D42FE7451D76075500D99866 /* VacuumCleaner.mp3 in Resources */,
				D4DD3DDE1D3BF43F00198301 /* Main.storyboard in Resources */,
				D4DD3DEF1D3BF9C400198301 /* HeiaHeia.mp3 in Resources */,
				D423BDA61D7ED23A006BD88E /* RecordedSoundFiles.plist in Resources */,
				D49B58781D795FEB00744CF3 /* Playlist.xcassets in Resources */,
			);
			runOnlyForDeploymentPostprocessing = 0;
		};
/* End PBXResourcesBuildPhase section */

/* Begin PBXSourcesBuildPhase section */
		D4C280DE1D71AE8600356ED1 /* Sources */ = {
			isa = PBXSourcesBuildPhase;
			buildActionMask = 2147483647;
			files = (
				D4C280EF1D71B97F00356ED1 /* FakeImplementations.swift in Sources */,
				D430BAE91D72D86500A907D1 /* SoundFilePlaylistTest.swift in Sources */,
				D4C280E51D71AE8600356ED1 /* TimedBackgroundAudioPlayerTest.swift in Sources */,
			);
			runOnlyForDeploymentPostprocessing = 0;
		};
		D4DD3DD11D3BF43F00198301 /* Sources */ = {
			isa = PBXSourcesBuildPhase;
			buildActionMask = 2147483647;
			files = (
				D4DD3DDB1D3BF43F00198301 /* ViewController.swift in Sources */,
				D4FB3A171D7CA1CF0050821B /* UIImage+averageColor.swift in Sources */,
				D423BDA41D7E7255006BD88E /* AssetSoundFilePList.swift in Sources */,
				D4C280D91D7183ED00356ED1 /* BackgroundAudioPlayer.swift in Sources */,
				D49B587B1D79BB2600744CF3 /* PlaylistCollectionViewLayout.swift in Sources */,
				D423BDA81D7ED338006BD88E /* RecordedSoundFilePList.swift in Sources */,
				D42FE7491D775BCA00D99866 /* RecordedSoundFileDirectory.swift in Sources */,
				D430BAE71D72D60100A907D1 /* Playlist.swift in Sources */,
				D4C280DB1D71A51700356ED1 /* AudioPlayer.swift in Sources */,
				D42FE7471D77223F00D99866 /* AudioRecorder.swift in Sources */,
				D4C280DD1D71AB9A00356ED1 /* Timer.swift in Sources */,
				D4DD3DF21D3C01BC00198301 /* SoundFile.swift in Sources */,
				D49B58731D795D3800744CF3 /* PlaylistCollectionViewCell.swift in Sources */,
				D4C280F11D71BE2C00356ED1 /* PlaybackDuration.swift in Sources */,
				D4DD3DD91D3BF43F00198301 /* AppDelegate.swift in Sources */,
				D4FB3A191D7CA33A0050821B /* UIColor+difference.swift in Sources */,
				D49B58761D795EBB00744CF3 /* Math.swift in Sources */,
			);
			runOnlyForDeploymentPostprocessing = 0;
		};
/* End PBXSourcesBuildPhase section */

/* Begin PBXTargetDependency section */
		D4C280E81D71AE8600356ED1 /* PBXTargetDependency */ = {
			isa = PBXTargetDependency;
			target = D4DD3DD41D3BF43F00198301 /* SleepBabySleep */;
			targetProxy = D4C280E71D71AE8600356ED1 /* PBXContainerItemProxy */;
		};
/* End PBXTargetDependency section */

/* Begin PBXVariantGroup section */
		D4DD3DDC1D3BF43F00198301 /* Main.storyboard */ = {
			isa = PBXVariantGroup;
			children = (
				D4DD3DDD1D3BF43F00198301 /* Base */,
			);
			name = Main.storyboard;
			sourceTree = "<group>";
		};
		D4DD3DE11D3BF43F00198301 /* LaunchScreen.storyboard */ = {
			isa = PBXVariantGroup;
			children = (
				D4DD3DE21D3BF43F00198301 /* Base */,
			);
			name = LaunchScreen.storyboard;
			sourceTree = "<group>";
		};
/* End PBXVariantGroup section */

/* Begin XCBuildConfiguration section */
		D4C280EA1D71AE8600356ED1 /* Debug */ = {
			isa = XCBuildConfiguration;
			buildSettings = {
				BUNDLE_LOADER = "$(TEST_HOST)";
				INFOPLIST_FILE = SleepBabySleepTests/Info.plist;
				LD_RUNPATH_SEARCH_PATHS = "$(inherited) @executable_path/Frameworks @loader_path/Frameworks";
				PRODUCT_BUNDLE_IDENTIFIER = de.sme.SleepBabySleepTests;
				PRODUCT_NAME = "$(TARGET_NAME)";
				TEST_HOST = "$(BUILT_PRODUCTS_DIR)/SleepBabySleep.app/SleepBabySleep";
			};
			name = Debug;
		};
		D4C280EB1D71AE8600356ED1 /* Release */ = {
			isa = XCBuildConfiguration;
			buildSettings = {
				BUNDLE_LOADER = "$(TEST_HOST)";
				INFOPLIST_FILE = SleepBabySleepTests/Info.plist;
				LD_RUNPATH_SEARCH_PATHS = "$(inherited) @executable_path/Frameworks @loader_path/Frameworks";
				PRODUCT_BUNDLE_IDENTIFIER = de.sme.SleepBabySleepTests;
				PRODUCT_NAME = "$(TARGET_NAME)";
				TEST_HOST = "$(BUILT_PRODUCTS_DIR)/SleepBabySleep.app/SleepBabySleep";
			};
			name = Release;
		};
		D4DD3DE51D3BF43F00198301 /* Debug */ = {
			isa = XCBuildConfiguration;
			buildSettings = {
				ALWAYS_SEARCH_USER_PATHS = NO;
				CLANG_ANALYZER_NONNULL = YES;
				CLANG_CXX_LANGUAGE_STANDARD = "gnu++0x";
				CLANG_CXX_LIBRARY = "libc++";
				CLANG_ENABLE_MODULES = YES;
				CLANG_ENABLE_OBJC_ARC = YES;
				CLANG_WARN_BOOL_CONVERSION = YES;
				CLANG_WARN_CONSTANT_CONVERSION = YES;
				CLANG_WARN_DIRECT_OBJC_ISA_USAGE = YES_ERROR;
				CLANG_WARN_EMPTY_BODY = YES;
				CLANG_WARN_ENUM_CONVERSION = YES;
				CLANG_WARN_INT_CONVERSION = YES;
				CLANG_WARN_OBJC_ROOT_CLASS = YES_ERROR;
				CLANG_WARN_UNREACHABLE_CODE = YES;
				CLANG_WARN__DUPLICATE_METHOD_MATCH = YES;
				"CODE_SIGN_IDENTITY[sdk=iphoneos*]" = "iPhone Developer";
				COPY_PHASE_STRIP = NO;
				DEBUG_INFORMATION_FORMAT = dwarf;
				ENABLE_STRICT_OBJC_MSGSEND = YES;
				ENABLE_TESTABILITY = YES;
				GCC_C_LANGUAGE_STANDARD = gnu99;
				GCC_DYNAMIC_NO_PIC = NO;
				GCC_NO_COMMON_BLOCKS = YES;
				GCC_OPTIMIZATION_LEVEL = 0;
				GCC_PREPROCESSOR_DEFINITIONS = (
					"DEBUG=1",
					"$(inherited)",
				);
				GCC_WARN_64_TO_32_BIT_CONVERSION = YES;
				GCC_WARN_ABOUT_RETURN_TYPE = YES_ERROR;
				GCC_WARN_UNDECLARED_SELECTOR = YES;
				GCC_WARN_UNINITIALIZED_AUTOS = YES_AGGRESSIVE;
				GCC_WARN_UNUSED_FUNCTION = YES;
				GCC_WARN_UNUSED_VARIABLE = YES;
				IPHONEOS_DEPLOYMENT_TARGET = 9.3;
				MTL_ENABLE_DEBUG_INFO = YES;
				ONLY_ACTIVE_ARCH = YES;
				SDKROOT = iphoneos;
				SWIFT_OPTIMIZATION_LEVEL = "-Onone";
			};
			name = Debug;
		};
		D4DD3DE61D3BF43F00198301 /* Release */ = {
			isa = XCBuildConfiguration;
			buildSettings = {
				ALWAYS_SEARCH_USER_PATHS = NO;
				CLANG_ANALYZER_NONNULL = YES;
				CLANG_CXX_LANGUAGE_STANDARD = "gnu++0x";
				CLANG_CXX_LIBRARY = "libc++";
				CLANG_ENABLE_MODULES = YES;
				CLANG_ENABLE_OBJC_ARC = YES;
				CLANG_WARN_BOOL_CONVERSION = YES;
				CLANG_WARN_CONSTANT_CONVERSION = YES;
				CLANG_WARN_DIRECT_OBJC_ISA_USAGE = YES_ERROR;
				CLANG_WARN_EMPTY_BODY = YES;
				CLANG_WARN_ENUM_CONVERSION = YES;
				CLANG_WARN_INT_CONVERSION = YES;
				CLANG_WARN_OBJC_ROOT_CLASS = YES_ERROR;
				CLANG_WARN_UNREACHABLE_CODE = YES;
				CLANG_WARN__DUPLICATE_METHOD_MATCH = YES;
				"CODE_SIGN_IDENTITY[sdk=iphoneos*]" = "iPhone Developer";
				COPY_PHASE_STRIP = NO;
				DEBUG_INFORMATION_FORMAT = "dwarf-with-dsym";
				ENABLE_NS_ASSERTIONS = NO;
				ENABLE_STRICT_OBJC_MSGSEND = YES;
				GCC_C_LANGUAGE_STANDARD = gnu99;
				GCC_NO_COMMON_BLOCKS = YES;
				GCC_WARN_64_TO_32_BIT_CONVERSION = YES;
				GCC_WARN_ABOUT_RETURN_TYPE = YES_ERROR;
				GCC_WARN_UNDECLARED_SELECTOR = YES;
				GCC_WARN_UNINITIALIZED_AUTOS = YES_AGGRESSIVE;
				GCC_WARN_UNUSED_FUNCTION = YES;
				GCC_WARN_UNUSED_VARIABLE = YES;
				IPHONEOS_DEPLOYMENT_TARGET = 9.3;
				MTL_ENABLE_DEBUG_INFO = NO;
				SDKROOT = iphoneos;
				VALIDATE_PRODUCT = YES;
			};
			name = Release;
		};
		D4DD3DE81D3BF43F00198301 /* Debug */ = {
			isa = XCBuildConfiguration;
			buildSettings = {
				ASSETCATALOG_COMPILER_APPICON_NAME = AppIcon;
				CODE_SIGN_IDENTITY = "iPhone Developer";
				INFOPLIST_FILE = SleepBabySleep/Info.plist;
				LD_RUNPATH_SEARCH_PATHS = "$(inherited) @executable_path/Frameworks";
				PRODUCT_BUNDLE_IDENTIFIER = de.sme.SleepBabySleep;
				PRODUCT_NAME = "$(TARGET_NAME)";
			};
			name = Debug;
		};
		D4DD3DE91D3BF43F00198301 /* Release */ = {
			isa = XCBuildConfiguration;
			buildSettings = {
				ASSETCATALOG_COMPILER_APPICON_NAME = AppIcon;
				CODE_SIGN_IDENTITY = "iPhone Developer";
				INFOPLIST_FILE = SleepBabySleep/Info.plist;
				LD_RUNPATH_SEARCH_PATHS = "$(inherited) @executable_path/Frameworks";
				PRODUCT_BUNDLE_IDENTIFIER = de.sme.SleepBabySleep;
				PRODUCT_NAME = "$(TARGET_NAME)";
			};
			name = Release;
		};
/* End XCBuildConfiguration section */

/* Begin XCConfigurationList section */
		D4C280E91D71AE8600356ED1 /* Build configuration list for PBXNativeTarget "SleepBabySleepTests" */ = {
			isa = XCConfigurationList;
			buildConfigurations = (
				D4C280EA1D71AE8600356ED1 /* Debug */,
				D4C280EB1D71AE8600356ED1 /* Release */,
			);
			defaultConfigurationIsVisible = 0;
			defaultConfigurationName = Release;
		};
		D4DD3DD01D3BF43F00198301 /* Build configuration list for PBXProject "SleepBabySleep" */ = {
			isa = XCConfigurationList;
			buildConfigurations = (
				D4DD3DE51D3BF43F00198301 /* Debug */,
				D4DD3DE61D3BF43F00198301 /* Release */,
			);
			defaultConfigurationIsVisible = 0;
			defaultConfigurationName = Release;
		};
		D4DD3DE71D3BF43F00198301 /* Build configuration list for PBXNativeTarget "SleepBabySleep" */ = {
			isa = XCConfigurationList;
			buildConfigurations = (
				D4DD3DE81D3BF43F00198301 /* Debug */,
				D4DD3DE91D3BF43F00198301 /* Release */,
			);
			defaultConfigurationIsVisible = 0;
			defaultConfigurationName = Release;
		};
/* End XCConfigurationList section */
	};
	rootObject = D4DD3DCD1D3BF43F00198301 /* Project object */;
}
