// !$*UTF8*$!
{
	archiveVersion = 1;
	classes = {
	};
	objectVersion = 46;
	objects = {

/* Begin PBXBuildFile section */
		D4C280D91D7183ED00356ED1 /* TimedBackgroundAudioPlayer.swift in Sources */ = {isa = PBXBuildFile; fileRef = D4C280D81D7183ED00356ED1 /* TimedBackgroundAudioPlayer.swift */; };
		D4C280DB1D71A51700356ED1 /* AudioPlayer.swift in Sources */ = {isa = PBXBuildFile; fileRef = D4C280DA1D71A51700356ED1 /* AudioPlayer.swift */; };
		D4C280DD1D71AB9A00356ED1 /* Timer.swift in Sources */ = {isa = PBXBuildFile; fileRef = D4C280DC1D71AB9A00356ED1 /* Timer.swift */; };
		D4DD3DD91D3BF43F00198301 /* AppDelegate.swift in Sources */ = {isa = PBXBuildFile; fileRef = D4DD3DD81D3BF43F00198301 /* AppDelegate.swift */; };
		D4DD3DDB1D3BF43F00198301 /* ViewController.swift in Sources */ = {isa = PBXBuildFile; fileRef = D4DD3DDA1D3BF43F00198301 /* ViewController.swift */; };
		D4DD3DDE1D3BF43F00198301 /* Main.storyboard in Resources */ = {isa = PBXBuildFile; fileRef = D4DD3DDC1D3BF43F00198301 /* Main.storyboard */; };
		D4DD3DE01D3BF43F00198301 /* Assets.xcassets in Resources */ = {isa = PBXBuildFile; fileRef = D4DD3DDF1D3BF43F00198301 /* Assets.xcassets */; };
		D4DD3DE31D3BF43F00198301 /* LaunchScreen.storyboard in Resources */ = {isa = PBXBuildFile; fileRef = D4DD3DE11D3BF43F00198301 /* LaunchScreen.storyboard */; };
		D4DD3DEC1D3BF78A00198301 /* Shhhh.mp3 in Resources */ = {isa = PBXBuildFile; fileRef = D4DD3DEB1D3BF78A00198301 /* Shhhh.mp3 */; };
		D4DD3DEF1D3BF9C400198301 /* HeiaHeia.mp3 in Resources */ = {isa = PBXBuildFile; fileRef = D4DD3DED1D3BF9C400198301 /* HeiaHeia.mp3 */; };
		D4DD3DF01D3BF9C400198301 /* Mhhhh.mp3 in Resources */ = {isa = PBXBuildFile; fileRef = D4DD3DEE1D3BF9C400198301 /* Mhhhh.mp3 */; };
		D4DD3DF21D3C01BC00198301 /* SoundFile.swift in Sources */ = {isa = PBXBuildFile; fileRef = D4DD3DF11D3C01BC00198301 /* SoundFile.swift */; };
/* End PBXBuildFile section */

/* Begin PBXFileReference section */
		D4C280D81D7183ED00356ED1 /* TimedBackgroundAudioPlayer.swift */ = {isa = PBXFileReference; fileEncoding = 4; lastKnownFileType = sourcecode.swift; path = TimedBackgroundAudioPlayer.swift; sourceTree = "<group>"; };
		D4C280DA1D71A51700356ED1 /* AudioPlayer.swift */ = {isa = PBXFileReference; fileEncoding = 4; lastKnownFileType = sourcecode.swift; path = AudioPlayer.swift; sourceTree = "<group>"; };
		D4C280DC1D71AB9A00356ED1 /* Timer.swift */ = {isa = PBXFileReference; fileEncoding = 4; lastKnownFileType = sourcecode.swift; path = Timer.swift; sourceTree = "<group>"; };
		D4DD3DD51D3BF43F00198301 /* SleepBabySleep.app */ = {isa = PBXFileReference; explicitFileType = wrapper.application; includeInIndex = 0; path = SleepBabySleep.app; sourceTree = BUILT_PRODUCTS_DIR; };
		D4DD3DD81D3BF43F00198301 /* AppDelegate.swift */ = {isa = PBXFileReference; lastKnownFileType = sourcecode.swift; path = AppDelegate.swift; sourceTree = "<group>"; };
		D4DD3DDA1D3BF43F00198301 /* ViewController.swift */ = {isa = PBXFileReference; lastKnownFileType = sourcecode.swift; path = ViewController.swift; sourceTree = "<group>"; };
		D4DD3DDD1D3BF43F00198301 /* Base */ = {isa = PBXFileReference; lastKnownFileType = file.storyboard; name = Base; path = Base.lproj/Main.storyboard; sourceTree = "<group>"; };
		D4DD3DDF1D3BF43F00198301 /* Assets.xcassets */ = {isa = PBXFileReference; lastKnownFileType = folder.assetcatalog; path = Assets.xcassets; sourceTree = "<group>"; };
		D4DD3DE21D3BF43F00198301 /* Base */ = {isa = PBXFileReference; lastKnownFileType = file.storyboard; name = Base; path = Base.lproj/LaunchScreen.storyboard; sourceTree = "<group>"; };
		D4DD3DE41D3BF43F00198301 /* Info.plist */ = {isa = PBXFileReference; lastKnownFileType = text.plist.xml; path = Info.plist; sourceTree = "<group>"; };
		D4DD3DEB1D3BF78A00198301 /* Shhhh.mp3 */ = {isa = PBXFileReference; lastKnownFileType = audio.mp3; name = Shhhh.mp3; path = Audio/Shhhh.mp3; sourceTree = SOURCE_ROOT; };
		D4DD3DED1D3BF9C400198301 /* HeiaHeia.mp3 */ = {isa = PBXFileReference; lastKnownFileType = audio.mp3; name = HeiaHeia.mp3; path = Audio/HeiaHeia.mp3; sourceTree = SOURCE_ROOT; };
		D4DD3DEE1D3BF9C400198301 /* Mhhhh.mp3 */ = {isa = PBXFileReference; lastKnownFileType = audio.mp3; name = Mhhhh.mp3; path = Audio/Mhhhh.mp3; sourceTree = SOURCE_ROOT; };
		D4DD3DF11D3C01BC00198301 /* SoundFile.swift */ = {isa = PBXFileReference; fileEncoding = 4; lastKnownFileType = sourcecode.swift; path = SoundFile.swift; sourceTree = "<group>"; };
/* End PBXFileReference section */

/* Begin PBXFrameworksBuildPhase section */
		D4DD3DD21D3BF43F00198301 /* Frameworks */ = {
			isa = PBXFrameworksBuildPhase;
			buildActionMask = 2147483647;
			files = (
			);
			runOnlyForDeploymentPostprocessing = 0;
		};
/* End PBXFrameworksBuildPhase section */

/* Begin PBXGroup section */
		D4DD3DCC1D3BF43F00198301 = {
			isa = PBXGroup;
			children = (
				D4DD3DD71D3BF43F00198301 /* SleepBabySleep */,
				D4DD3DD61D3BF43F00198301 /* Products */,
			);
			sourceTree = "<group>";
		};
		D4DD3DD61D3BF43F00198301 /* Products */ = {
			isa = PBXGroup;
			children = (
				D4DD3DD51D3BF43F00198301 /* SleepBabySleep.app */,
			);
			name = Products;
			sourceTree = "<group>";
		};
		D4DD3DD71D3BF43F00198301 /* SleepBabySleep */ = {
			isa = PBXGroup;
			children = (
				D4DD3DEA1D3BF77900198301 /* Audio */,
				D4DD3DD81D3BF43F00198301 /* AppDelegate.swift */,
				D4C280DA1D71A51700356ED1 /* AudioPlayer.swift */,
				D4DD3DF11D3C01BC00198301 /* SoundFile.swift */,
				D4C280D81D7183ED00356ED1 /* TimedBackgroundAudioPlayer.swift */,
				D4C280DC1D71AB9A00356ED1 /* Timer.swift */,
				D4DD3DDA1D3BF43F00198301 /* ViewController.swift */,
				D4DD3DDC1D3BF43F00198301 /* Main.storyboard */,
				D4DD3DDF1D3BF43F00198301 /* Assets.xcassets */,
				D4DD3DE11D3BF43F00198301 /* LaunchScreen.storyboard */,
				D4DD3DE41D3BF43F00198301 /* Info.plist */,
			);
			path = SleepBabySleep;
			sourceTree = "<group>";
		};
		D4DD3DEA1D3BF77900198301 /* Audio */ = {
			isa = PBXGroup;
			children = (
				D4DD3DED1D3BF9C400198301 /* HeiaHeia.mp3 */,
				D4DD3DEE1D3BF9C400198301 /* Mhhhh.mp3 */,
				D4DD3DEB1D3BF78A00198301 /* Shhhh.mp3 */,
			);
			name = Audio;
			sourceTree = "<group>";
		};
/* End PBXGroup section */

/* Begin PBXNativeTarget section */
		D4DD3DD41D3BF43F00198301 /* SleepBabySleep */ = {
			isa = PBXNativeTarget;
			buildConfigurationList = D4DD3DE71D3BF43F00198301 /* Build configuration list for PBXNativeTarget "SleepBabySleep" */;
			buildPhases = (
				D4DD3DD11D3BF43F00198301 /* Sources */,
				D4DD3DD21D3BF43F00198301 /* Frameworks */,
				D4DD3DD31D3BF43F00198301 /* Resources */,
			);
			buildRules = (
			);
			dependencies = (
			);
			name = SleepBabySleep;
			productName = SleepBabySleep;
			productReference = D4DD3DD51D3BF43F00198301 /* SleepBabySleep.app */;
			productType = "com.apple.product-type.application";
		};
/* End PBXNativeTarget section */

/* Begin PBXProject section */
		D4DD3DCD1D3BF43F00198301 /* Project object */ = {
			isa = PBXProject;
			attributes = {
				LastSwiftUpdateCheck = 0730;
				LastUpgradeCheck = 0730;
				ORGANIZATIONNAME = "Stefan Mehnert";
				TargetAttributes = {
					D4DD3DD41D3BF43F00198301 = {
						CreatedOnToolsVersion = 7.3.1;
						DevelopmentTeam = Y6U8S5243G;
						SystemCapabilities = {
							com.apple.BackgroundModes = {
								enabled = 1;
							};
						};
					};
				};
			};
			buildConfigurationList = D4DD3DD01D3BF43F00198301 /* Build configuration list for PBXProject "SleepBabySleep" */;
			compatibilityVersion = "Xcode 3.2";
			developmentRegion = English;
			hasScannedForEncodings = 0;
			knownRegions = (
				en,
				Base,
			);
			mainGroup = D4DD3DCC1D3BF43F00198301;
			productRefGroup = D4DD3DD61D3BF43F00198301 /* Products */;
			projectDirPath = "";
			projectRoot = "";
			targets = (
				D4DD3DD41D3BF43F00198301 /* SleepBabySleep */,
			);
		};
/* End PBXProject section */

/* Begin PBXResourcesBuildPhase section */
		D4DD3DD31D3BF43F00198301 /* Resources */ = {
			isa = PBXResourcesBuildPhase;
			buildActionMask = 2147483647;
			files = (
				D4DD3DF01D3BF9C400198301 /* Mhhhh.mp3 in Resources */,
				D4DD3DE31D3BF43F00198301 /* LaunchScreen.storyboard in Resources */,
				D4DD3DE01D3BF43F00198301 /* Assets.xcassets in Resources */,
				D4DD3DEC1D3BF78A00198301 /* Shhhh.mp3 in Resources */,
				D4DD3DDE1D3BF43F00198301 /* Main.storyboard in Resources */,
				D4DD3DEF1D3BF9C400198301 /* HeiaHeia.mp3 in Resources */,
			);
			runOnlyForDeploymentPostprocessing = 0;
		};
/* End PBXResourcesBuildPhase section */

/* Begin PBXSourcesBuildPhase section */
		D4DD3DD11D3BF43F00198301 /* Sources */ = {
			isa = PBXSourcesBuildPhase;
			buildActionMask = 2147483647;
			files = (
				D4DD3DDB1D3BF43F00198301 /* ViewController.swift in Sources */,
				D4C280D91D7183ED00356ED1 /* TimedBackgroundAudioPlayer.swift in Sources */,
				D4C280DB1D71A51700356ED1 /* AudioPlayer.swift in Sources */,
				D4C280DD1D71AB9A00356ED1 /* Timer.swift in Sources */,
				D4DD3DF21D3C01BC00198301 /* SoundFile.swift in Sources */,
				D4DD3DD91D3BF43F00198301 /* AppDelegate.swift in Sources */,
			);
			runOnlyForDeploymentPostprocessing = 0;
		};
/* End PBXSourcesBuildPhase section */

/* Begin PBXVariantGroup section */
		D4DD3DDC1D3BF43F00198301 /* Main.storyboard */ = {
			isa = PBXVariantGroup;
			children = (
				D4DD3DDD1D3BF43F00198301 /* Base */,
			);
			name = Main.storyboard;
			sourceTree = "<group>";
		};
		D4DD3DE11D3BF43F00198301 /* LaunchScreen.storyboard */ = {
			isa = PBXVariantGroup;
			children = (
				D4DD3DE21D3BF43F00198301 /* Base */,
			);
			name = LaunchScreen.storyboard;
			sourceTree = "<group>";
		};
/* End PBXVariantGroup section */

/* Begin XCBuildConfiguration section */
		D4DD3DE51D3BF43F00198301 /* Debug */ = {
			isa = XCBuildConfiguration;
			buildSettings = {
				ALWAYS_SEARCH_USER_PATHS = NO;
				CLANG_ANALYZER_NONNULL = YES;
				CLANG_CXX_LANGUAGE_STANDARD = "gnu++0x";
				CLANG_CXX_LIBRARY = "libc++";
				CLANG_ENABLE_MODULES = YES;
				CLANG_ENABLE_OBJC_ARC = YES;
				CLANG_WARN_BOOL_CONVERSION = YES;
				CLANG_WARN_CONSTANT_CONVERSION = YES;
				CLANG_WARN_DIRECT_OBJC_ISA_USAGE = YES_ERROR;
				CLANG_WARN_EMPTY_BODY = YES;
				CLANG_WARN_ENUM_CONVERSION = YES;
				CLANG_WARN_INT_CONVERSION = YES;
				CLANG_WARN_OBJC_ROOT_CLASS = YES_ERROR;
				CLANG_WARN_UNREACHABLE_CODE = YES;
				CLANG_WARN__DUPLICATE_METHOD_MATCH = YES;
				"CODE_SIGN_IDENTITY[sdk=iphoneos*]" = "iPhone Developer";
				COPY_PHASE_STRIP = NO;
				DEBUG_INFORMATION_FORMAT = dwarf;
				ENABLE_STRICT_OBJC_MSGSEND = YES;
				ENABLE_TESTABILITY = YES;
				GCC_C_LANGUAGE_STANDARD = gnu99;
				GCC_DYNAMIC_NO_PIC = NO;
				GCC_NO_COMMON_BLOCKS = YES;
				GCC_OPTIMIZATION_LEVEL = 0;
				GCC_PREPROCESSOR_DEFINITIONS = (
					"DEBUG=1",
					"$(inherited)",
				);
				GCC_WARN_64_TO_32_BIT_CONVERSION = YES;
				GCC_WARN_ABOUT_RETURN_TYPE = YES_ERROR;
				GCC_WARN_UNDECLARED_SELECTOR = YES;
				GCC_WARN_UNINITIALIZED_AUTOS = YES_AGGRESSIVE;
				GCC_WARN_UNUSED_FUNCTION = YES;
				GCC_WARN_UNUSED_VARIABLE = YES;
				IPHONEOS_DEPLOYMENT_TARGET = 9.3;
				MTL_ENABLE_DEBUG_INFO = YES;
				ONLY_ACTIVE_ARCH = YES;
				SDKROOT = iphoneos;
				SWIFT_OPTIMIZATION_LEVEL = "-Onone";
			};
			name = Debug;
		};
		D4DD3DE61D3BF43F00198301 /* Release */ = {
			isa = XCBuildConfiguration;
			buildSettings = {
				ALWAYS_SEARCH_USER_PATHS = NO;
				CLANG_ANALYZER_NONNULL = YES;
				CLANG_CXX_LANGUAGE_STANDARD = "gnu++0x";
				CLANG_CXX_LIBRARY = "libc++";
				CLANG_ENABLE_MODULES = YES;
				CLANG_ENABLE_OBJC_ARC = YES;
				CLANG_WARN_BOOL_CONVERSION = YES;
				CLANG_WARN_CONSTANT_CONVERSION = YES;
				CLANG_WARN_DIRECT_OBJC_ISA_USAGE = YES_ERROR;
				CLANG_WARN_EMPTY_BODY = YES;
				CLANG_WARN_ENUM_CONVERSION = YES;
				CLANG_WARN_INT_CONVERSION = YES;
				CLANG_WARN_OBJC_ROOT_CLASS = YES_ERROR;
				CLANG_WARN_UNREACHABLE_CODE = YES;
				CLANG_WARN__DUPLICATE_METHOD_MATCH = YES;
				"CODE_SIGN_IDENTITY[sdk=iphoneos*]" = "iPhone Developer";
				COPY_PHASE_STRIP = NO;
				DEBUG_INFORMATION_FORMAT = "dwarf-with-dsym";
				ENABLE_NS_ASSERTIONS = NO;
				ENABLE_STRICT_OBJC_MSGSEND = YES;
				GCC_C_LANGUAGE_STANDARD = gnu99;
				GCC_NO_COMMON_BLOCKS = YES;
				GCC_WARN_64_TO_32_BIT_CONVERSION = YES;
				GCC_WARN_ABOUT_RETURN_TYPE = YES_ERROR;
				GCC_WARN_UNDECLARED_SELECTOR = YES;
				GCC_WARN_UNINITIALIZED_AUTOS = YES_AGGRESSIVE;
				GCC_WARN_UNUSED_FUNCTION = YES;
				GCC_WARN_UNUSED_VARIABLE = YES;
				IPHONEOS_DEPLOYMENT_TARGET = 9.3;
				MTL_ENABLE_DEBUG_INFO = NO;
				SDKROOT = iphoneos;
				VALIDATE_PRODUCT = YES;
			};
			name = Release;
		};
		D4DD3DE81D3BF43F00198301 /* Debug */ = {
			isa = XCBuildConfiguration;
			buildSettings = {
				ASSETCATALOG_COMPILER_APPICON_NAME = AppIcon;
				CODE_SIGN_IDENTITY = "iPhone Developer";
				INFOPLIST_FILE = SleepBabySleep/Info.plist;
				LD_RUNPATH_SEARCH_PATHS = "$(inherited) @executable_path/Frameworks";
				PRODUCT_BUNDLE_IDENTIFIER = de.sme.SleepBabySleep;
				PRODUCT_NAME = "$(TARGET_NAME)";
			};
			name = Debug;
		};
		D4DD3DE91D3BF43F00198301 /* Release */ = {
			isa = XCBuildConfiguration;
			buildSettings = {
				ASSETCATALOG_COMPILER_APPICON_NAME = AppIcon;
				CODE_SIGN_IDENTITY = "iPhone Developer";
				INFOPLIST_FILE = SleepBabySleep/Info.plist;
				LD_RUNPATH_SEARCH_PATHS = "$(inherited) @executable_path/Frameworks";
				PRODUCT_BUNDLE_IDENTIFIER = de.sme.SleepBabySleep;
				PRODUCT_NAME = "$(TARGET_NAME)";
			};
			name = Release;
		};
/* End XCBuildConfiguration section */

/* Begin XCConfigurationList section */
		D4DD3DD01D3BF43F00198301 /* Build configuration list for PBXProject "SleepBabySleep" */ = {
			isa = XCConfigurationList;
			buildConfigurations = (
				D4DD3DE51D3BF43F00198301 /* Debug */,
				D4DD3DE61D3BF43F00198301 /* Release */,
			);
			defaultConfigurationIsVisible = 0;
			defaultConfigurationName = Release;
		};
		D4DD3DE71D3BF43F00198301 /* Build configuration list for PBXNativeTarget "SleepBabySleep" */ = {
			isa = XCConfigurationList;
			buildConfigurations = (
				D4DD3DE81D3BF43F00198301 /* Debug */,
				D4DD3DE91D3BF43F00198301 /* Release */,
			);
			defaultConfigurationIsVisible = 0;
			defaultConfigurationName = Release;
		};
/* End XCConfigurationList section */
	};
	rootObject = D4DD3DCD1D3BF43F00198301 /* Project object */;
}
